
Microsoft Visual Studio Solution File, Format Version 12.00
# Visual Studio Version 16
VisualStudioVersion = 16.0.30204.135
MinimumVisualStudioVersion = 10.0.40219.1
Project("{FAE04EC0-301F-11D3-BF4B-00C04F79EFBC}") = "Lab7PR3", "Lab7PR3\Lab7PR3.csproj", "{FF803C79-F71E-4F9D-A728-9FADC2306B66}"
EndProject
Global
	GlobalSection(SolutionConfigurationPlatforms) = preSolution
		Debug|Any CPU = Debug|Any CPU
		Release|Any CPU = Release|Any CPU
	EndGlobalSection
	GlobalSection(ProjectConfigurationPlatforms) = postSolution
		{FF803C79-F71E-4F9D-A728-9FADC2306B66}.Debug|Any CPU.ActiveCfg = Debug|Any CPU
		{FF803C79-F71E-4F9D-A728-9FADC2306B66}.Debug|Any CPU.Build.0 = Debug|Any CPU
		{FF803C79-F71E-4F9D-A728-9FADC2306B66}.Release|Any CPU.ActiveCfg = Release|Any CPU
		{FF803C79-F71E-4F9D-A728-9FADC2306B66}.Release|Any CPU.Build.0 = Release|Any CPU
	EndGlobalSection
	GlobalSection(SolutionProperties) = preSolution
		HideSolutionNode = FALSE
	EndGlobalSection
	GlobalSection(ExtensibilityGlobals) = postSolution
		SolutionGuid = {EE4AFF85-E32E-4BBB-83DD-2B2739BB3DDC}
	EndGlobalSection
EndGlobal
